
Microsoft Visual Studio Solution File, Format Version 12.00
# Visual Studio Version 17
VisualStudioVersion = 17.14.35906.104 d17.14
MinimumVisualStudioVersion = 10.0.40219.1
Project("{FAE04EC0-301F-11D3-BF4B-00C04F79EFBC}") = "ProcessLog", "ProcessLog.csproj", "{01486231-A8B7-40C2-9BD9-97A9E18AD82D}"
EndProject
Global
	GlobalSection(SolutionConfigurationPlatforms) = preSolution
		Debug|Any CPU = Debug|Any CPU
		Release|Any CPU = Release|Any CPU
	EndGlobalSection
	GlobalSection(ProjectConfigurationPlatforms) = postSolution
		{01486231-A8B7-40C2-9BD9-97A9E18AD82D}.Debug|Any CPU.ActiveCfg = Debug|Any CPU
		{01486231-A8B7-40C2-9BD9-97A9E18AD82D}.Debug|Any CPU.Build.0 = Debug|Any CPU
		{01486231-A8B7-40C2-9BD9-97A9E18AD82D}.Release|Any CPU.ActiveCfg = Release|Any CPU
		{01486231-A8B7-40C2-9BD9-97A9E18AD82D}.Release|Any CPU.Build.0 = Release|Any CPU
	EndGlobalSection
	GlobalSection(SolutionProperties) = preSolution
		HideSolutionNode = FALSE
	EndGlobalSection
	GlobalSection(ExtensibilityGlobals) = postSolution
		SolutionGuid = {44594698-BCFE-46E3-8B3B-A7CCDB7C17D5}
	EndGlobalSection
EndGlobal
